// !$*UTF8*$!
{
	archiveVersion = 1;
	classes = {
	};
	objectVersion = 56;
	objects = {

/* Begin PBXBuildFile section */
		A808AAC32B47CD6D003D05A2 /* MemoData.swift in Sources */ = {isa = PBXBuildFile; fileRef = A89C6E492B40079D00A68E77 /* MemoData.swift */; };
		A84118802B4593CF00ED6136 /* WidgetKit.framework in Frameworks */ = {isa = PBXBuildFile; fileRef = A841187F2B4593CF00ED6136 /* WidgetKit.framework */; };
		A84118822B4593CF00ED6136 /* SwiftUI.framework in Frameworks */ = {isa = PBXBuildFile; fileRef = A84118812B4593CF00ED6136 /* SwiftUI.framework */; };
		A84118852B4593CF00ED6136 /* todolistBundle.swift in Sources */ = {isa = PBXBuildFile; fileRef = A84118842B4593CF00ED6136 /* todolistBundle.swift */; };
		A84118892B4593CF00ED6136 /* todolist.swift in Sources */ = {isa = PBXBuildFile; fileRef = A84118882B4593CF00ED6136 /* todolist.swift */; };
		A841188D2B4593D100ED6136 /* Assets.xcassets in Resources */ = {isa = PBXBuildFile; fileRef = A841188C2B4593D100ED6136 /* Assets.xcassets */; };
		A84118912B4593D100ED6136 /* todolistExtension.appex in Embed Foundation Extensions */ = {isa = PBXBuildFile; fileRef = A841187D2B4593CF00ED6136 /* todolistExtension.appex */; settings = {ATTRIBUTES = (RemoveHeadersOnCopy, ); }; };
		A878DB5F2B4548FB00423B32 /* CustomTextEditor.swift in Sources */ = {isa = PBXBuildFile; fileRef = A878DB5E2B4548FB00423B32 /* CustomTextEditor.swift */; };
		A89C6E392B3D608100A68E77 /* TabBarView.swift in Sources */ = {isa = PBXBuildFile; fileRef = A89C6E382B3D608100A68E77 /* TabBarView.swift */; };
		A89C6E3B2B3D60A700A68E77 /* HomeView.swift in Sources */ = {isa = PBXBuildFile; fileRef = A89C6E3A2B3D60A700A68E77 /* HomeView.swift */; };
		A89C6E3D2B3D613B00A68E77 /* CalendarView.swift in Sources */ = {isa = PBXBuildFile; fileRef = A89C6E3C2B3D613B00A68E77 /* CalendarView.swift */; };
		A89C6E3F2B3D661700A68E77 /* CalendarViewModel.swift in Sources */ = {isa = PBXBuildFile; fileRef = A89C6E3E2B3D661700A68E77 /* CalendarViewModel.swift */; };
		A89C6E422B3DCCA500A68E77 /* FSCalendar in Frameworks */ = {isa = PBXBuildFile; productRef = A89C6E412B3DCCA500A68E77 /* FSCalendar */; };
		A89C6E442B3EDA3500A68E77 /* TodolistView2.swift in Sources */ = {isa = PBXBuildFile; fileRef = A89C6E432B3EDA3500A68E77 /* TodolistView2.swift */; };
		A89C6E482B40043300A68E77 /* WriteView.swift in Sources */ = {isa = PBXBuildFile; fileRef = A89C6E472B40043300A68E77 /* WriteView.swift */; };
		A89C6E4A2B40079D00A68E77 /* MemoData.swift in Sources */ = {isa = PBXBuildFile; fileRef = A89C6E492B40079D00A68E77 /* MemoData.swift */; };
		A8CC93B32B3D56AF006F2135 /* dayTodoApp.swift in Sources */ = {isa = PBXBuildFile; fileRef = A8CC93B22B3D56AF006F2135 /* dayTodoApp.swift */; };
		A8CC93B72B3D56B0006F2135 /* Assets.xcassets in Resources */ = {isa = PBXBuildFile; fileRef = A8CC93B62B3D56B0006F2135 /* Assets.xcassets */; };
		A8CC93BB2B3D56B0006F2135 /* Preview Assets.xcassets in Resources */ = {isa = PBXBuildFile; fileRef = A8CC93BA2B3D56B0006F2135 /* Preview Assets.xcassets */; };
		A8CC93C52B3D56B0006F2135 /* dayTodoTests.swift in Sources */ = {isa = PBXBuildFile; fileRef = A8CC93C42B3D56B0006F2135 /* dayTodoTests.swift */; };
		A8CC93CF2B3D56B0006F2135 /* dayTodoUITests.swift in Sources */ = {isa = PBXBuildFile; fileRef = A8CC93CE2B3D56B0006F2135 /* dayTodoUITests.swift */; };
		A8CC93D12B3D56B0006F2135 /* dayTodoUITestsLaunchTests.swift in Sources */ = {isa = PBXBuildFile; fileRef = A8CC93D02B3D56B0006F2135 /* dayTodoUITestsLaunchTests.swift */; };
/* End PBXBuildFile section */

/* Begin PBXContainerItemProxy section */
		A841188F2B4593D100ED6136 /* PBXContainerItemProxy */ = {
			isa = PBXContainerItemProxy;
			containerPortal = A8CC93A72B3D56AF006F2135 /* Project object */;
			proxyType = 1;
			remoteGlobalIDString = A841187C2B4593CF00ED6136;
			remoteInfo = todolistExtension;
		};
		A8CC93C12B3D56B0006F2135 /* PBXContainerItemProxy */ = {
			isa = PBXContainerItemProxy;
			containerPortal = A8CC93A72B3D56AF006F2135 /* Project object */;
			proxyType = 1;
			remoteGlobalIDString = A8CC93AE2B3D56AF006F2135;
			remoteInfo = dayTodo;
		};
		A8CC93CB2B3D56B0006F2135 /* PBXContainerItemProxy */ = {
			isa = PBXContainerItemProxy;
			containerPortal = A8CC93A72B3D56AF006F2135 /* Project object */;
			proxyType = 1;
			remoteGlobalIDString = A8CC93AE2B3D56AF006F2135;
			remoteInfo = dayTodo;
		};
/* End PBXContainerItemProxy section */

/* Begin PBXCopyFilesBuildPhase section */
		A84118922B4593D200ED6136 /* Embed Foundation Extensions */ = {
			isa = PBXCopyFilesBuildPhase;
			buildActionMask = 2147483647;
			dstPath = "";
			dstSubfolderSpec = 13;
			files = (
				A84118912B4593D100ED6136 /* todolistExtension.appex in Embed Foundation Extensions */,
			);
			name = "Embed Foundation Extensions";
			runOnlyForDeploymentPostprocessing = 0;
		};
/* End PBXCopyFilesBuildPhase section */

/* Begin PBXFileReference section */
		A841187D2B4593CF00ED6136 /* todolistExtension.appex */ = {isa = PBXFileReference; explicitFileType = "wrapper.app-extension"; includeInIndex = 0; path = todolistExtension.appex; sourceTree = BUILT_PRODUCTS_DIR; };
		A841187F2B4593CF00ED6136 /* WidgetKit.framework */ = {isa = PBXFileReference; lastKnownFileType = wrapper.framework; name = WidgetKit.framework; path = System/Library/Frameworks/WidgetKit.framework; sourceTree = SDKROOT; };
		A84118812B4593CF00ED6136 /* SwiftUI.framework */ = {isa = PBXFileReference; lastKnownFileType = wrapper.framework; name = SwiftUI.framework; path = System/Library/Frameworks/SwiftUI.framework; sourceTree = SDKROOT; };
		A84118842B4593CF00ED6136 /* todolistBundle.swift */ = {isa = PBXFileReference; lastKnownFileType = sourcecode.swift; path = todolistBundle.swift; sourceTree = "<group>"; };
		A84118882B4593CF00ED6136 /* todolist.swift */ = {isa = PBXFileReference; lastKnownFileType = sourcecode.swift; path = todolist.swift; sourceTree = "<group>"; };
		A841188C2B4593D100ED6136 /* Assets.xcassets */ = {isa = PBXFileReference; lastKnownFileType = folder.assetcatalog; path = Assets.xcassets; sourceTree = "<group>"; };
		A841188E2B4593D100ED6136 /* Info.plist */ = {isa = PBXFileReference; lastKnownFileType = text.plist.xml; path = Info.plist; sourceTree = "<group>"; };
		A84118962B45A52400ED6136 /* todolistExtension.entitlements */ = {isa = PBXFileReference; lastKnownFileType = text.plist.entitlements; path = todolistExtension.entitlements; sourceTree = "<group>"; };
		A85EA6BE2B4D69FE005780DD /* Info.plist */ = {isa = PBXFileReference; lastKnownFileType = text.plist.xml; path = Info.plist; sourceTree = "<group>"; };
		A878DB5E2B4548FB00423B32 /* CustomTextEditor.swift */ = {isa = PBXFileReference; lastKnownFileType = sourcecode.swift; path = CustomTextEditor.swift; sourceTree = "<group>"; };
		A89C6E382B3D608100A68E77 /* TabBarView.swift */ = {isa = PBXFileReference; lastKnownFileType = sourcecode.swift; path = TabBarView.swift; sourceTree = "<group>"; };
		A89C6E3A2B3D60A700A68E77 /* HomeView.swift */ = {isa = PBXFileReference; lastKnownFileType = sourcecode.swift; path = HomeView.swift; sourceTree = "<group>"; };
		A89C6E3C2B3D613B00A68E77 /* CalendarView.swift */ = {isa = PBXFileReference; lastKnownFileType = sourcecode.swift; path = CalendarView.swift; sourceTree = "<group>"; };
		A89C6E3E2B3D661700A68E77 /* CalendarViewModel.swift */ = {isa = PBXFileReference; lastKnownFileType = sourcecode.swift; path = CalendarViewModel.swift; sourceTree = "<group>"; };
		A89C6E432B3EDA3500A68E77 /* TodolistView2.swift */ = {isa = PBXFileReference; lastKnownFileType = sourcecode.swift; path = TodolistView2.swift; sourceTree = "<group>"; };
		A89C6E472B40043300A68E77 /* WriteView.swift */ = {isa = PBXFileReference; lastKnownFileType = sourcecode.swift; path = WriteView.swift; sourceTree = "<group>"; };
		A89C6E492B40079D00A68E77 /* MemoData.swift */ = {isa = PBXFileReference; lastKnownFileType = sourcecode.swift; path = MemoData.swift; sourceTree = "<group>"; };
		A8CC93AF2B3D56AF006F2135 /* dayTodo.app */ = {isa = PBXFileReference; explicitFileType = wrapper.application; includeInIndex = 0; path = dayTodo.app; sourceTree = BUILT_PRODUCTS_DIR; };
		A8CC93B22B3D56AF006F2135 /* dayTodoApp.swift */ = {isa = PBXFileReference; lastKnownFileType = sourcecode.swift; path = dayTodoApp.swift; sourceTree = "<group>"; };
		A8CC93B62B3D56B0006F2135 /* Assets.xcassets */ = {isa = PBXFileReference; lastKnownFileType = folder.assetcatalog; path = Assets.xcassets; sourceTree = "<group>"; };
		A8CC93B82B3D56B0006F2135 /* dayTodo.entitlements */ = {isa = PBXFileReference; lastKnownFileType = text.plist.entitlements; path = dayTodo.entitlements; sourceTree = "<group>"; };
		A8CC93BA2B3D56B0006F2135 /* Preview Assets.xcassets */ = {isa = PBXFileReference; lastKnownFileType = folder.assetcatalog; path = "Preview Assets.xcassets"; sourceTree = "<group>"; };
		A8CC93C02B3D56B0006F2135 /* dayTodoTests.xctest */ = {isa = PBXFileReference; explicitFileType = wrapper.cfbundle; includeInIndex = 0; path = dayTodoTests.xctest; sourceTree = BUILT_PRODUCTS_DIR; };
		A8CC93C42B3D56B0006F2135 /* dayTodoTests.swift */ = {isa = PBXFileReference; lastKnownFileType = sourcecode.swift; path = dayTodoTests.swift; sourceTree = "<group>"; };
		A8CC93CA2B3D56B0006F2135 /* dayTodoUITests.xctest */ = {isa = PBXFileReference; explicitFileType = wrapper.cfbundle; includeInIndex = 0; path = dayTodoUITests.xctest; sourceTree = BUILT_PRODUCTS_DIR; };
		A8CC93CE2B3D56B0006F2135 /* dayTodoUITests.swift */ = {isa = PBXFileReference; lastKnownFileType = sourcecode.swift; path = dayTodoUITests.swift; sourceTree = "<group>"; };
		A8CC93D02B3D56B0006F2135 /* dayTodoUITestsLaunchTests.swift */ = {isa = PBXFileReference; lastKnownFileType = sourcecode.swift; path = dayTodoUITestsLaunchTests.swift; sourceTree = "<group>"; };
/* End PBXFileReference section */

/* Begin PBXFrameworksBuildPhase section */
		A841187A2B4593CF00ED6136 /* Frameworks */ = {
			isa = PBXFrameworksBuildPhase;
			buildActionMask = 2147483647;
			files = (
				A84118822B4593CF00ED6136 /* SwiftUI.framework in Frameworks */,
				A84118802B4593CF00ED6136 /* WidgetKit.framework in Frameworks */,
			);
			runOnlyForDeploymentPostprocessing = 0;
		};
		A8CC93AC2B3D56AF006F2135 /* Frameworks */ = {
			isa = PBXFrameworksBuildPhase;
			buildActionMask = 2147483647;
			files = (
				A89C6E422B3DCCA500A68E77 /* FSCalendar in Frameworks */,
			);
			runOnlyForDeploymentPostprocessing = 0;
		};
		A8CC93BD2B3D56B0006F2135 /* Frameworks */ = {
			isa = PBXFrameworksBuildPhase;
			buildActionMask = 2147483647;
			files = (
			);
			runOnlyForDeploymentPostprocessing = 0;
		};
		A8CC93C72B3D56B0006F2135 /* Frameworks */ = {
			isa = PBXFrameworksBuildPhase;
			buildActionMask = 2147483647;
			files = (
			);
			runOnlyForDeploymentPostprocessing = 0;
		};
/* End PBXFrameworksBuildPhase section */

/* Begin PBXGroup section */
		A841187E2B4593CF00ED6136 /* Frameworks */ = {
			isa = PBXGroup;
			children = (
				A841187F2B4593CF00ED6136 /* WidgetKit.framework */,
				A84118812B4593CF00ED6136 /* SwiftUI.framework */,
			);
			name = Frameworks;
			sourceTree = "<group>";
		};
		A84118832B4593CF00ED6136 /* todolist */ = {
			isa = PBXGroup;
			children = (
				A84118842B4593CF00ED6136 /* todolistBundle.swift */,
				A84118882B4593CF00ED6136 /* todolist.swift */,
				A841188C2B4593D100ED6136 /* Assets.xcassets */,
				A841188E2B4593D100ED6136 /* Info.plist */,
			);
			path = todolist;
			sourceTree = "<group>";
		};
		A8CC93A62B3D56AF006F2135 = {
			isa = PBXGroup;
			children = (
				A84118962B45A52400ED6136 /* todolistExtension.entitlements */,
				A8CC93B12B3D56AF006F2135 /* dayTodo */,
				A8CC93C32B3D56B0006F2135 /* dayTodoTests */,
				A8CC93CD2B3D56B0006F2135 /* dayTodoUITests */,
				A84118832B4593CF00ED6136 /* todolist */,
				A841187E2B4593CF00ED6136 /* Frameworks */,
				A8CC93B02B3D56AF006F2135 /* Products */,
			);
			sourceTree = "<group>";
		};
		A8CC93B02B3D56AF006F2135 /* Products */ = {
			isa = PBXGroup;
			children = (
				A8CC93AF2B3D56AF006F2135 /* dayTodo.app */,
				A8CC93C02B3D56B0006F2135 /* dayTodoTests.xctest */,
				A8CC93CA2B3D56B0006F2135 /* dayTodoUITests.xctest */,
				A841187D2B4593CF00ED6136 /* todolistExtension.appex */,
			);
			name = Products;
			sourceTree = "<group>";
		};
		A8CC93B12B3D56AF006F2135 /* dayTodo */ = {
			isa = PBXGroup;
			children = (
				A8CC93B22B3D56AF006F2135 /* dayTodoApp.swift */,
				A89C6E382B3D608100A68E77 /* TabBarView.swift */,
				A89C6E3E2B3D661700A68E77 /* CalendarViewModel.swift */,
				A89C6E3A2B3D60A700A68E77 /* HomeView.swift */,
				A89C6E3C2B3D613B00A68E77 /* CalendarView.swift */,
				A89C6E432B3EDA3500A68E77 /* TodolistView2.swift */,
				A89C6E472B40043300A68E77 /* WriteView.swift */,
				A89C6E492B40079D00A68E77 /* MemoData.swift */,
				A878DB5E2B4548FB00423B32 /* CustomTextEditor.swift */,
				A8CC93B62B3D56B0006F2135 /* Assets.xcassets */,
				A8CC93B82B3D56B0006F2135 /* dayTodo.entitlements */,
				A85EA6BE2B4D69FE005780DD /* Info.plist */,
				A8CC93B92B3D56B0006F2135 /* Preview Content */,
			);
			path = dayTodo;
			sourceTree = "<group>";
		};
		A8CC93B92B3D56B0006F2135 /* Preview Content */ = {
			isa = PBXGroup;
			children = (
				A8CC93BA2B3D56B0006F2135 /* Preview Assets.xcassets */,
			);
			path = "Preview Content";
			sourceTree = "<group>";
		};
		A8CC93C32B3D56B0006F2135 /* dayTodoTests */ = {
			isa = PBXGroup;
			children = (
				A8CC93C42B3D56B0006F2135 /* dayTodoTests.swift */,
			);
			path = dayTodoTests;
			sourceTree = "<group>";
		};
		A8CC93CD2B3D56B0006F2135 /* dayTodoUITests */ = {
			isa = PBXGroup;
			children = (
				A8CC93CE2B3D56B0006F2135 /* dayTodoUITests.swift */,
				A8CC93D02B3D56B0006F2135 /* dayTodoUITestsLaunchTests.swift */,
			);
			path = dayTodoUITests;
			sourceTree = "<group>";
		};
/* End PBXGroup section */

/* Begin PBXNativeTarget section */
		A841187C2B4593CF00ED6136 /* todolistExtension */ = {
			isa = PBXNativeTarget;
			buildConfigurationList = A84118952B4593D200ED6136 /* Build configuration list for PBXNativeTarget "todolistExtension" */;
			buildPhases = (
				A84118792B4593CF00ED6136 /* Sources */,
				A841187A2B4593CF00ED6136 /* Frameworks */,
				A841187B2B4593CF00ED6136 /* Resources */,
			);
			buildRules = (
			);
			dependencies = (
			);
			name = todolistExtension;
			productName = todolistExtension;
			productReference = A841187D2B4593CF00ED6136 /* todolistExtension.appex */;
			productType = "com.apple.product-type.app-extension";
		};
		A8CC93AE2B3D56AF006F2135 /* dayTodo */ = {
			isa = PBXNativeTarget;
			buildConfigurationList = A8CC93D42B3D56B0006F2135 /* Build configuration list for PBXNativeTarget "dayTodo" */;
			buildPhases = (
				A8CC93AB2B3D56AF006F2135 /* Sources */,
				A8CC93AC2B3D56AF006F2135 /* Frameworks */,
				A8CC93AD2B3D56AF006F2135 /* Resources */,
				A84118922B4593D200ED6136 /* Embed Foundation Extensions */,
			);
			buildRules = (
			);
			dependencies = (
				A84118902B4593D100ED6136 /* PBXTargetDependency */,
			);
			name = dayTodo;
			packageProductDependencies = (
				A89C6E412B3DCCA500A68E77 /* FSCalendar */,
			);
			productName = dayTodo;
			productReference = A8CC93AF2B3D56AF006F2135 /* dayTodo.app */;
			productType = "com.apple.product-type.application";
		};
		A8CC93BF2B3D56B0006F2135 /* dayTodoTests */ = {
			isa = PBXNativeTarget;
			buildConfigurationList = A8CC93D72B3D56B0006F2135 /* Build configuration list for PBXNativeTarget "dayTodoTests" */;
			buildPhases = (
				A8CC93BC2B3D56B0006F2135 /* Sources */,
				A8CC93BD2B3D56B0006F2135 /* Frameworks */,
				A8CC93BE2B3D56B0006F2135 /* Resources */,
			);
			buildRules = (
			);
			dependencies = (
				A8CC93C22B3D56B0006F2135 /* PBXTargetDependency */,
			);
			name = dayTodoTests;
			productName = dayTodoTests;
			productReference = A8CC93C02B3D56B0006F2135 /* dayTodoTests.xctest */;
			productType = "com.apple.product-type.bundle.unit-test";
		};
		A8CC93C92B3D56B0006F2135 /* dayTodoUITests */ = {
			isa = PBXNativeTarget;
			buildConfigurationList = A8CC93DA2B3D56B0006F2135 /* Build configuration list for PBXNativeTarget "dayTodoUITests" */;
			buildPhases = (
				A8CC93C62B3D56B0006F2135 /* Sources */,
				A8CC93C72B3D56B0006F2135 /* Frameworks */,
				A8CC93C82B3D56B0006F2135 /* Resources */,
			);
			buildRules = (
			);
			dependencies = (
				A8CC93CC2B3D56B0006F2135 /* PBXTargetDependency */,
			);
			name = dayTodoUITests;
			productName = dayTodoUITests;
			productReference = A8CC93CA2B3D56B0006F2135 /* dayTodoUITests.xctest */;
			productType = "com.apple.product-type.bundle.ui-testing";
		};
/* End PBXNativeTarget section */

/* Begin PBXProject section */
		A8CC93A72B3D56AF006F2135 /* Project object */ = {
			isa = PBXProject;
			attributes = {
				BuildIndependentTargetsInParallel = 1;
				LastSwiftUpdateCheck = 1510;
				LastUpgradeCheck = 1510;
				TargetAttributes = {
					A841187C2B4593CF00ED6136 = {
						CreatedOnToolsVersion = 15.1;
					};
					A8CC93AE2B3D56AF006F2135 = {
						CreatedOnToolsVersion = 15.1;
					};
					A8CC93BF2B3D56B0006F2135 = {
						CreatedOnToolsVersion = 15.1;
						TestTargetID = A8CC93AE2B3D56AF006F2135;
					};
					A8CC93C92B3D56B0006F2135 = {
						CreatedOnToolsVersion = 15.1;
						TestTargetID = A8CC93AE2B3D56AF006F2135;
					};
				};
			};
			buildConfigurationList = A8CC93AA2B3D56AF006F2135 /* Build configuration list for PBXProject "dayTodo" */;
			compatibilityVersion = "Xcode 14.0";
			developmentRegion = ko;
			hasScannedForEncodings = 0;
			knownRegions = (
				en,
				ko,
				Base,
			);
			mainGroup = A8CC93A62B3D56AF006F2135;
			packageReferences = (
				A89C6E402B3DCCA500A68E77 /* XCRemoteSwiftPackageReference "FSCalendar" */,
			);
			productRefGroup = A8CC93B02B3D56AF006F2135 /* Products */;
			projectDirPath = "";
			projectRoot = "";
			targets = (
				A8CC93AE2B3D56AF006F2135 /* dayTodo */,
				A8CC93BF2B3D56B0006F2135 /* dayTodoTests */,
				A8CC93C92B3D56B0006F2135 /* dayTodoUITests */,
				A841187C2B4593CF00ED6136 /* todolistExtension */,
			);
		};
/* End PBXProject section */

/* Begin PBXResourcesBuildPhase section */
		A841187B2B4593CF00ED6136 /* Resources */ = {
			isa = PBXResourcesBuildPhase;
			buildActionMask = 2147483647;
			files = (
				A841188D2B4593D100ED6136 /* Assets.xcassets in Resources */,
			);
			runOnlyForDeploymentPostprocessing = 0;
		};
		A8CC93AD2B3D56AF006F2135 /* Resources */ = {
			isa = PBXResourcesBuildPhase;
			buildActionMask = 2147483647;
			files = (
				A8CC93BB2B3D56B0006F2135 /* Preview Assets.xcassets in Resources */,
				A8CC93B72B3D56B0006F2135 /* Assets.xcassets in Resources */,
			);
			runOnlyForDeploymentPostprocessing = 0;
		};
		A8CC93BE2B3D56B0006F2135 /* Resources */ = {
			isa = PBXResourcesBuildPhase;
			buildActionMask = 2147483647;
			files = (
			);
			runOnlyForDeploymentPostprocessing = 0;
		};
		A8CC93C82B3D56B0006F2135 /* Resources */ = {
			isa = PBXResourcesBuildPhase;
			buildActionMask = 2147483647;
			files = (
			);
			runOnlyForDeploymentPostprocessing = 0;
		};
/* End PBXResourcesBuildPhase section */

/* Begin PBXSourcesBuildPhase section */
		A84118792B4593CF00ED6136 /* Sources */ = {
			isa = PBXSourcesBuildPhase;
			buildActionMask = 2147483647;
			files = (
				A808AAC32B47CD6D003D05A2 /* MemoData.swift in Sources */,
				A84118892B4593CF00ED6136 /* todolist.swift in Sources */,
				A84118852B4593CF00ED6136 /* todolistBundle.swift in Sources */,
			);
			runOnlyForDeploymentPostprocessing = 0;
		};
		A8CC93AB2B3D56AF006F2135 /* Sources */ = {
			isa = PBXSourcesBuildPhase;
			buildActionMask = 2147483647;
			files = (
				A89C6E482B40043300A68E77 /* WriteView.swift in Sources */,
				A89C6E442B3EDA3500A68E77 /* TodolistView2.swift in Sources */,
				A89C6E3F2B3D661700A68E77 /* CalendarViewModel.swift in Sources */,
				A878DB5F2B4548FB00423B32 /* CustomTextEditor.swift in Sources */,
				A89C6E3D2B3D613B00A68E77 /* CalendarView.swift in Sources */,
				A89C6E392B3D608100A68E77 /* TabBarView.swift in Sources */,
				A89C6E3B2B3D60A700A68E77 /* HomeView.swift in Sources */,
				A89C6E4A2B40079D00A68E77 /* MemoData.swift in Sources */,
				A8CC93B32B3D56AF006F2135 /* dayTodoApp.swift in Sources */,
			);
			runOnlyForDeploymentPostprocessing = 0;
		};
		A8CC93BC2B3D56B0006F2135 /* Sources */ = {
			isa = PBXSourcesBuildPhase;
			buildActionMask = 2147483647;
			files = (
				A8CC93C52B3D56B0006F2135 /* dayTodoTests.swift in Sources */,
			);
			runOnlyForDeploymentPostprocessing = 0;
		};
		A8CC93C62B3D56B0006F2135 /* Sources */ = {
			isa = PBXSourcesBuildPhase;
			buildActionMask = 2147483647;
			files = (
				A8CC93CF2B3D56B0006F2135 /* dayTodoUITests.swift in Sources */,
				A8CC93D12B3D56B0006F2135 /* dayTodoUITestsLaunchTests.swift in Sources */,
			);
			runOnlyForDeploymentPostprocessing = 0;
		};
/* End PBXSourcesBuildPhase section */

/* Begin PBXTargetDependency section */
		A84118902B4593D100ED6136 /* PBXTargetDependency */ = {
			isa = PBXTargetDependency;
			target = A841187C2B4593CF00ED6136 /* todolistExtension */;
			targetProxy = A841188F2B4593D100ED6136 /* PBXContainerItemProxy */;
		};
		A8CC93C22B3D56B0006F2135 /* PBXTargetDependency */ = {
			isa = PBXTargetDependency;
			target = A8CC93AE2B3D56AF006F2135 /* dayTodo */;
			targetProxy = A8CC93C12B3D56B0006F2135 /* PBXContainerItemProxy */;
		};
		A8CC93CC2B3D56B0006F2135 /* PBXTargetDependency */ = {
			isa = PBXTargetDependency;
			target = A8CC93AE2B3D56AF006F2135 /* dayTodo */;
			targetProxy = A8CC93CB2B3D56B0006F2135 /* PBXContainerItemProxy */;
		};
/* End PBXTargetDependency section */

/* Begin XCBuildConfiguration section */
		A84118932B4593D200ED6136 /* Debug */ = {
			isa = XCBuildConfiguration;
			buildSettings = {
				ASSETCATALOG_COMPILER_GLOBAL_ACCENT_COLOR_NAME = AccentColor;
				ASSETCATALOG_COMPILER_WIDGET_BACKGROUND_COLOR_NAME = WidgetBackground;
				CODE_SIGN_ENTITLEMENTS = todolistExtension.entitlements;
				CODE_SIGN_STYLE = Automatic;
				CURRENT_PROJECT_VERSION = 1;
				DEVELOPMENT_TEAM = 2YJKG9924M;
				GENERATE_INFOPLIST_FILE = YES;
				INFOPLIST_FILE = todolist/Info.plist;
				INFOPLIST_KEY_CFBundleDisplayName = todolist;
				INFOPLIST_KEY_NSHumanReadableCopyright = "";
				IPHONEOS_DEPLOYMENT_TARGET = 17.2;
				LD_RUNPATH_SEARCH_PATHS = (
					"$(inherited)",
					"@executable_path/Frameworks",
					"@executable_path/../../Frameworks",
				);
				MARKETING_VERSION = 1.0;
				PRODUCT_BUNDLE_IDENTIFIER = test.dayTodo.todolist;
				PRODUCT_NAME = "$(TARGET_NAME)";
				SDKROOT = iphoneos;
				SKIP_INSTALL = YES;
				SWIFT_EMIT_LOC_STRINGS = YES;
				SWIFT_VERSION = 5.0;
				TARGETED_DEVICE_FAMILY = "1,2";
			};
			name = Debug;
		};
		A84118942B4593D200ED6136 /* Release */ = {
			isa = XCBuildConfiguration;
			buildSettings = {
				ASSETCATALOG_COMPILER_GLOBAL_ACCENT_COLOR_NAME = AccentColor;
				ASSETCATALOG_COMPILER_WIDGET_BACKGROUND_COLOR_NAME = WidgetBackground;
				CODE_SIGN_ENTITLEMENTS = todolistExtension.entitlements;
				CODE_SIGN_STYLE = Automatic;
				CURRENT_PROJECT_VERSION = 1;
				DEVELOPMENT_TEAM = 2YJKG9924M;
				GENERATE_INFOPLIST_FILE = YES;
				INFOPLIST_FILE = todolist/Info.plist;
				INFOPLIST_KEY_CFBundleDisplayName = todolist;
				INFOPLIST_KEY_NSHumanReadableCopyright = "";
				IPHONEOS_DEPLOYMENT_TARGET = 17.2;
				LD_RUNPATH_SEARCH_PATHS = (
					"$(inherited)",
					"@executable_path/Frameworks",
					"@executable_path/../../Frameworks",
				);
				MARKETING_VERSION = 1.0;
				PRODUCT_BUNDLE_IDENTIFIER = test.dayTodo.todolist;
				PRODUCT_NAME = "$(TARGET_NAME)";
				SDKROOT = iphoneos;
				SKIP_INSTALL = YES;
				SWIFT_EMIT_LOC_STRINGS = YES;
				SWIFT_VERSION = 5.0;
				TARGETED_DEVICE_FAMILY = "1,2";
				VALIDATE_PRODUCT = YES;
			};
			name = Release;
		};
		A8CC93D22B3D56B0006F2135 /* Debug */ = {
			isa = XCBuildConfiguration;
			buildSettings = {
				ALWAYS_SEARCH_USER_PATHS = NO;
				ASSETCATALOG_COMPILER_GENERATE_SWIFT_ASSET_SYMBOL_EXTENSIONS = YES;
				CLANG_ANALYZER_NONNULL = YES;
				CLANG_ANALYZER_NUMBER_OBJECT_CONVERSION = YES_AGGRESSIVE;
				CLANG_CXX_LANGUAGE_STANDARD = "gnu++20";
				CLANG_ENABLE_MODULES = YES;
				CLANG_ENABLE_OBJC_ARC = YES;
				CLANG_ENABLE_OBJC_WEAK = YES;
				CLANG_WARN_BLOCK_CAPTURE_AUTORELEASING = YES;
				CLANG_WARN_BOOL_CONVERSION = YES;
				CLANG_WARN_COMMA = YES;
				CLANG_WARN_CONSTANT_CONVERSION = YES;
				CLANG_WARN_DEPRECATED_OBJC_IMPLEMENTATIONS = YES;
				CLANG_WARN_DIRECT_OBJC_ISA_USAGE = YES_ERROR;
				CLANG_WARN_DOCUMENTATION_COMMENTS = YES;
				CLANG_WARN_EMPTY_BODY = YES;
				CLANG_WARN_ENUM_CONVERSION = YES;
				CLANG_WARN_INFINITE_RECURSION = YES;
				CLANG_WARN_INT_CONVERSION = YES;
				CLANG_WARN_NON_LITERAL_NULL_CONVERSION = YES;
				CLANG_WARN_OBJC_IMPLICIT_RETAIN_SELF = YES;
				CLANG_WARN_OBJC_LITERAL_CONVERSION = YES;
				CLANG_WARN_OBJC_ROOT_CLASS = YES_ERROR;
				CLANG_WARN_QUOTED_INCLUDE_IN_FRAMEWORK_HEADER = YES;
				CLANG_WARN_RANGE_LOOP_ANALYSIS = YES;
				CLANG_WARN_STRICT_PROTOTYPES = YES;
				CLANG_WARN_SUSPICIOUS_MOVE = YES;
				CLANG_WARN_UNGUARDED_AVAILABILITY = YES_AGGRESSIVE;
				CLANG_WARN_UNREACHABLE_CODE = YES;
				CLANG_WARN__DUPLICATE_METHOD_MATCH = YES;
				COPY_PHASE_STRIP = NO;
				DEBUG_INFORMATION_FORMAT = dwarf;
				ENABLE_STRICT_OBJC_MSGSEND = YES;
				ENABLE_TESTABILITY = YES;
				ENABLE_USER_SCRIPT_SANDBOXING = YES;
				GCC_C_LANGUAGE_STANDARD = gnu17;
				GCC_DYNAMIC_NO_PIC = NO;
				GCC_NO_COMMON_BLOCKS = YES;
				GCC_OPTIMIZATION_LEVEL = 0;
				GCC_PREPROCESSOR_DEFINITIONS = (
					"DEBUG=1",
					"$(inherited)",
				);
				GCC_WARN_64_TO_32_BIT_CONVERSION = YES;
				GCC_WARN_ABOUT_RETURN_TYPE = YES_ERROR;
				GCC_WARN_UNDECLARED_SELECTOR = YES;
				GCC_WARN_UNINITIALIZED_AUTOS = YES_AGGRESSIVE;
				GCC_WARN_UNUSED_FUNCTION = YES;
				GCC_WARN_UNUSED_VARIABLE = YES;
				LOCALIZATION_PREFERS_STRING_CATALOGS = YES;
				MTL_ENABLE_DEBUG_INFO = INCLUDE_SOURCE;
				MTL_FAST_MATH = YES;
				ONLY_ACTIVE_ARCH = YES;
				SWIFT_ACTIVE_COMPILATION_CONDITIONS = "DEBUG $(inherited)";
				SWIFT_OPTIMIZATION_LEVEL = "-Onone";
			};
			name = Debug;
		};
		A8CC93D32B3D56B0006F2135 /* Release */ = {
			isa = XCBuildConfiguration;
			buildSettings = {
				ALWAYS_SEARCH_USER_PATHS = NO;
				ASSETCATALOG_COMPILER_GENERATE_SWIFT_ASSET_SYMBOL_EXTENSIONS = YES;
				CLANG_ANALYZER_NONNULL = YES;
				CLANG_ANALYZER_NUMBER_OBJECT_CONVERSION = YES_AGGRESSIVE;
				CLANG_CXX_LANGUAGE_STANDARD = "gnu++20";
				CLANG_ENABLE_MODULES = YES;
				CLANG_ENABLE_OBJC_ARC = YES;
				CLANG_ENABLE_OBJC_WEAK = YES;
				CLANG_WARN_BLOCK_CAPTURE_AUTORELEASING = YES;
				CLANG_WARN_BOOL_CONVERSION = YES;
				CLANG_WARN_COMMA = YES;
				CLANG_WARN_CONSTANT_CONVERSION = YES;
				CLANG_WARN_DEPRECATED_OBJC_IMPLEMENTATIONS = YES;
				CLANG_WARN_DIRECT_OBJC_ISA_USAGE = YES_ERROR;
				CLANG_WARN_DOCUMENTATION_COMMENTS = YES;
				CLANG_WARN_EMPTY_BODY = YES;
				CLANG_WARN_ENUM_CONVERSION = YES;
				CLANG_WARN_INFINITE_RECURSION = YES;
				CLANG_WARN_INT_CONVERSION = YES;
				CLANG_WARN_NON_LITERAL_NULL_CONVERSION = YES;
				CLANG_WARN_OBJC_IMPLICIT_RETAIN_SELF = YES;
				CLANG_WARN_OBJC_LITERAL_CONVERSION = YES;
				CLANG_WARN_OBJC_ROOT_CLASS = YES_ERROR;
				CLANG_WARN_QUOTED_INCLUDE_IN_FRAMEWORK_HEADER = YES;
				CLANG_WARN_RANGE_LOOP_ANALYSIS = YES;
				CLANG_WARN_STRICT_PROTOTYPES = YES;
				CLANG_WARN_SUSPICIOUS_MOVE = YES;
				CLANG_WARN_UNGUARDED_AVAILABILITY = YES_AGGRESSIVE;
				CLANG_WARN_UNREACHABLE_CODE = YES;
				CLANG_WARN__DUPLICATE_METHOD_MATCH = YES;
				COPY_PHASE_STRIP = NO;
				DEBUG_INFORMATION_FORMAT = "dwarf-with-dsym";
				ENABLE_NS_ASSERTIONS = NO;
				ENABLE_STRICT_OBJC_MSGSEND = YES;
				ENABLE_USER_SCRIPT_SANDBOXING = YES;
				GCC_C_LANGUAGE_STANDARD = gnu17;
				GCC_NO_COMMON_BLOCKS = YES;
				GCC_WARN_64_TO_32_BIT_CONVERSION = YES;
				GCC_WARN_ABOUT_RETURN_TYPE = YES_ERROR;
				GCC_WARN_UNDECLARED_SELECTOR = YES;
				GCC_WARN_UNINITIALIZED_AUTOS = YES_AGGRESSIVE;
				GCC_WARN_UNUSED_FUNCTION = YES;
				GCC_WARN_UNUSED_VARIABLE = YES;
				LOCALIZATION_PREFERS_STRING_CATALOGS = YES;
				MTL_ENABLE_DEBUG_INFO = NO;
				MTL_FAST_MATH = YES;
				SWIFT_COMPILATION_MODE = wholemodule;
			};
			name = Release;
		};
		A8CC93D52B3D56B0006F2135 /* Debug */ = {
			isa = XCBuildConfiguration;
			buildSettings = {
				ALWAYS_EMBED_SWIFT_STANDARD_LIBRARIES = YES;
				ASSETCATALOG_COMPILER_APPICON_NAME = AppIcon;
				ASSETCATALOG_COMPILER_GLOBAL_ACCENT_COLOR_NAME = AccentColor;
				CODE_SIGN_ENTITLEMENTS = dayTodo/dayTodo.entitlements;
				CODE_SIGN_STYLE = Automatic;
				CURRENT_PROJECT_VERSION = 1;
				DEVELOPMENT_ASSET_PATHS = "\"dayTodo/Preview Content\"";
				DEVELOPMENT_TEAM = 2YJKG9924M;
				ENABLE_HARDENED_RUNTIME = YES;
				ENABLE_PREVIEWS = YES;
				GENERATE_INFOPLIST_FILE = NO;
				INFOPLIST_FILE = "/Users/gang-yeongmin/Desktop/dayTodo/dayTodo/Info.plist";
				INFOPLIST_KEY_CFBundleDisplayName = dayTodo;
				INFOPLIST_KEY_LSApplicationCategoryType = "public.app-category.lifestyle";
				"INFOPLIST_KEY_UIApplicationSceneManifest_Generation[sdk=iphoneos*]" = YES;
				"INFOPLIST_KEY_UIApplicationSceneManifest_Generation[sdk=iphonesimulator*]" = YES;
				"INFOPLIST_KEY_UIApplicationSupportsIndirectInputEvents[sdk=iphoneos*]" = YES;
				"INFOPLIST_KEY_UIApplicationSupportsIndirectInputEvents[sdk=iphonesimulator*]" = YES;
				"INFOPLIST_KEY_UILaunchScreen_Generation[sdk=iphoneos*]" = YES;
				"INFOPLIST_KEY_UILaunchScreen_Generation[sdk=iphonesimulator*]" = YES;
				"INFOPLIST_KEY_UIStatusBarStyle[sdk=iphoneos*]" = UIStatusBarStyleDefault;
				"INFOPLIST_KEY_UIStatusBarStyle[sdk=iphonesimulator*]" = UIStatusBarStyleDefault;
				INFOPLIST_KEY_UISupportedInterfaceOrientations_iPad = "UIInterfaceOrientationPortrait UIInterfaceOrientationPortraitUpsideDown UIInterfaceOrientationLandscapeLeft UIInterfaceOrientationLandscapeRight";
				INFOPLIST_KEY_UISupportedInterfaceOrientations_iPhone = "UIInterfaceOrientationPortrait UIInterfaceOrientationLandscapeLeft UIInterfaceOrientationLandscapeRight";
				IPHONEOS_DEPLOYMENT_TARGET = 17.2;
				LD_RUNPATH_SEARCH_PATHS = "@executable_path/Frameworks";
				"LD_RUNPATH_SEARCH_PATHS[sdk=macosx*]" = "@executable_path/../Frameworks";
				MACOSX_DEPLOYMENT_TARGET = 14.2;
				MARKETING_VERSION = 1.0;
				PRODUCT_BUNDLE_IDENTIFIER = test.dayTodo;
				PRODUCT_NAME = "$(TARGET_NAME)";
				SDKROOT = auto;
				SUPPORTED_PLATFORMS = "iphoneos iphonesimulator macosx";
				SWIFT_EMIT_LOC_STRINGS = YES;
				SWIFT_VERSION = 5.0;
				TARGETED_DEVICE_FAMILY = "1,2";
			};
			name = Debug;
		};
		A8CC93D62B3D56B0006F2135 /* Release */ = {
			isa = XCBuildConfiguration;
			buildSettings = {
				ALWAYS_EMBED_SWIFT_STANDARD_LIBRARIES = YES;
				ASSETCATALOG_COMPILER_APPICON_NAME = AppIcon;
				ASSETCATALOG_COMPILER_GLOBAL_ACCENT_COLOR_NAME = AccentColor;
				CODE_SIGN_ENTITLEMENTS = dayTodo/dayTodo.entitlements;
				CODE_SIGN_STYLE = Automatic;
				CURRENT_PROJECT_VERSION = 1;
				DEVELOPMENT_ASSET_PATHS = "\"dayTodo/Preview Content\"";
				DEVELOPMENT_TEAM = 2YJKG9924M;
				ENABLE_HARDENED_RUNTIME = YES;
				ENABLE_PREVIEWS = YES;
				GENERATE_INFOPLIST_FILE = NO;
				INFOPLIST_FILE = "/Users/gang-yeongmin/Desktop/dayTodo/dayTodo/Info.plist";
				INFOPLIST_KEY_CFBundleDisplayName = dayTodo;
				INFOPLIST_KEY_LSApplicationCategoryType = "public.app-category.lifestyle";
				"INFOPLIST_KEY_UIApplicationSceneManifest_Generation[sdk=iphoneos*]" = YES;
				"INFOPLIST_KEY_UIApplicationSceneManifest_Generation[sdk=iphonesimulator*]" = YES;
				"INFOPLIST_KEY_UIApplicationSupportsIndirectInputEvents[sdk=iphoneos*]" = YES;
				"INFOPLIST_KEY_UIApplicationSupportsIndirectInputEvents[sdk=iphonesimulator*]" = YES;
				"INFOPLIST_KEY_UILaunchScreen_Generation[sdk=iphoneos*]" = YES;
				"INFOPLIST_KEY_UILaunchScreen_Generation[sdk=iphonesimulator*]" = YES;
				"INFOPLIST_KEY_UIStatusBarStyle[sdk=iphoneos*]" = UIStatusBarStyleDefault;
				"INFOPLIST_KEY_UIStatusBarStyle[sdk=iphonesimulator*]" = UIStatusBarStyleDefault;
				INFOPLIST_KEY_UISupportedInterfaceOrientations_iPad = "UIInterfaceOrientationPortrait UIInterfaceOrientationPortraitUpsideDown UIInterfaceOrientationLandscapeLeft UIInterfaceOrientationLandscapeRight";
				INFOPLIST_KEY_UISupportedInterfaceOrientations_iPhone = "UIInterfaceOrientationPortrait UIInterfaceOrientationLandscapeLeft UIInterfaceOrientationLandscapeRight";
				IPHONEOS_DEPLOYMENT_TARGET = 17.2;
				LD_RUNPATH_SEARCH_PATHS = "@executable_path/Frameworks";
				"LD_RUNPATH_SEARCH_PATHS[sdk=macosx*]" = "@executable_path/../Frameworks";
				MACOSX_DEPLOYMENT_TARGET = 14.2;
				MARKETING_VERSION = 1.0;
				PRODUCT_BUNDLE_IDENTIFIER = test.dayTodo;
				PRODUCT_NAME = "$(TARGET_NAME)";
				SDKROOT = auto;
				SUPPORTED_PLATFORMS = "iphoneos iphonesimulator macosx";
				SWIFT_EMIT_LOC_STRINGS = YES;
				SWIFT_VERSION = 5.0;
				TARGETED_DEVICE_FAMILY = "1,2";
			};
			name = Release;
		};
		A8CC93D82B3D56B0006F2135 /* Debug */ = {
			isa = XCBuildConfiguration;
			buildSettings = {
				ALWAYS_EMBED_SWIFT_STANDARD_LIBRARIES = YES;
				BUNDLE_LOADER = "$(TEST_HOST)";
				CODE_SIGN_STYLE = Automatic;
				CURRENT_PROJECT_VERSION = 1;
				DEVELOPMENT_TEAM = 2YJKG9924M;
				GENERATE_INFOPLIST_FILE = YES;
				IPHONEOS_DEPLOYMENT_TARGET = 17.2;
				MACOSX_DEPLOYMENT_TARGET = 14.2;
				MARKETING_VERSION = 1.0;
				PRODUCT_BUNDLE_IDENTIFIER = test.dayTodoTests;
				PRODUCT_NAME = "$(TARGET_NAME)";
				SDKROOT = auto;
				SUPPORTED_PLATFORMS = "iphoneos iphonesimulator macosx";
				SWIFT_EMIT_LOC_STRINGS = NO;
				SWIFT_VERSION = 5.0;
				TARGETED_DEVICE_FAMILY = "1,2";
				TEST_HOST = "$(BUILT_PRODUCTS_DIR)/dayTodo.app/$(BUNDLE_EXECUTABLE_FOLDER_PATH)/dayTodo";
			};
			name = Debug;
		};
		A8CC93D92B3D56B0006F2135 /* Release */ = {
			isa = XCBuildConfiguration;
			buildSettings = {
				ALWAYS_EMBED_SWIFT_STANDARD_LIBRARIES = YES;
				BUNDLE_LOADER = "$(TEST_HOST)";
				CODE_SIGN_STYLE = Automatic;
				CURRENT_PROJECT_VERSION = 1;
				DEVELOPMENT_TEAM = 2YJKG9924M;
				GENERATE_INFOPLIST_FILE = YES;
				IPHONEOS_DEPLOYMENT_TARGET = 17.2;
				MACOSX_DEPLOYMENT_TARGET = 14.2;
				MARKETING_VERSION = 1.0;
				PRODUCT_BUNDLE_IDENTIFIER = test.dayTodoTests;
				PRODUCT_NAME = "$(TARGET_NAME)";
				SDKROOT = auto;
				SUPPORTED_PLATFORMS = "iphoneos iphonesimulator macosx";
				SWIFT_EMIT_LOC_STRINGS = NO;
				SWIFT_VERSION = 5.0;
				TARGETED_DEVICE_FAMILY = "1,2";
				TEST_HOST = "$(BUILT_PRODUCTS_DIR)/dayTodo.app/$(BUNDLE_EXECUTABLE_FOLDER_PATH)/dayTodo";
			};
			name = Release;
		};
		A8CC93DB2B3D56B0006F2135 /* Debug */ = {
			isa = XCBuildConfiguration;
			buildSettings = {
				ALWAYS_EMBED_SWIFT_STANDARD_LIBRARIES = YES;
				CODE_SIGN_STYLE = Automatic;
				CURRENT_PROJECT_VERSION = 1;
				DEVELOPMENT_TEAM = 2YJKG9924M;
				GENERATE_INFOPLIST_FILE = YES;
				IPHONEOS_DEPLOYMENT_TARGET = 17.2;
				MACOSX_DEPLOYMENT_TARGET = 14.2;
				MARKETING_VERSION = 1.0;
				PRODUCT_BUNDLE_IDENTIFIER = test.dayTodoUITests;
				PRODUCT_NAME = "$(TARGET_NAME)";
				SDKROOT = auto;
				SUPPORTED_PLATFORMS = "iphoneos iphonesimulator macosx";
				SWIFT_EMIT_LOC_STRINGS = NO;
				SWIFT_VERSION = 5.0;
				TARGETED_DEVICE_FAMILY = "1,2";
				TEST_TARGET_NAME = dayTodo;
			};
			name = Debug;
		};
		A8CC93DC2B3D56B0006F2135 /* Release */ = {
			isa = XCBuildConfiguration;
			buildSettings = {
				ALWAYS_EMBED_SWIFT_STANDARD_LIBRARIES = YES;
				CODE_SIGN_STYLE = Automatic;
				CURRENT_PROJECT_VERSION = 1;
				DEVELOPMENT_TEAM = 2YJKG9924M;
				GENERATE_INFOPLIST_FILE = YES;
				IPHONEOS_DEPLOYMENT_TARGET = 17.2;
				MACOSX_DEPLOYMENT_TARGET = 14.2;
				MARKETING_VERSION = 1.0;
				PRODUCT_BUNDLE_IDENTIFIER = test.dayTodoUITests;
				PRODUCT_NAME = "$(TARGET_NAME)";
				SDKROOT = auto;
				SUPPORTED_PLATFORMS = "iphoneos iphonesimulator macosx";
				SWIFT_EMIT_LOC_STRINGS = NO;
				SWIFT_VERSION = 5.0;
				TARGETED_DEVICE_FAMILY = "1,2";
				TEST_TARGET_NAME = dayTodo;
			};
			name = Release;
		};
/* End XCBuildConfiguration section */

/* Begin XCConfigurationList section */
		A84118952B4593D200ED6136 /* Build configuration list for PBXNativeTarget "todolistExtension" */ = {
			isa = XCConfigurationList;
			buildConfigurations = (
				A84118932B4593D200ED6136 /* Debug */,
				A84118942B4593D200ED6136 /* Release */,
			);
			defaultConfigurationIsVisible = 0;
			defaultConfigurationName = Release;
		};
		A8CC93AA2B3D56AF006F2135 /* Build configuration list for PBXProject "dayTodo" */ = {
			isa = XCConfigurationList;
			buildConfigurations = (
				A8CC93D22B3D56B0006F2135 /* Debug */,
				A8CC93D32B3D56B0006F2135 /* Release */,
			);
			defaultConfigurationIsVisible = 0;
			defaultConfigurationName = Release;
		};
		A8CC93D42B3D56B0006F2135 /* Build configuration list for PBXNativeTarget "dayTodo" */ = {
			isa = XCConfigurationList;
			buildConfigurations = (
				A8CC93D52B3D56B0006F2135 /* Debug */,
				A8CC93D62B3D56B0006F2135 /* Release */,
			);
			defaultConfigurationIsVisible = 0;
			defaultConfigurationName = Release;
		};
		A8CC93D72B3D56B0006F2135 /* Build configuration list for PBXNativeTarget "dayTodoTests" */ = {
			isa = XCConfigurationList;
			buildConfigurations = (
				A8CC93D82B3D56B0006F2135 /* Debug */,
				A8CC93D92B3D56B0006F2135 /* Release */,
			);
			defaultConfigurationIsVisible = 0;
			defaultConfigurationName = Release;
		};
		A8CC93DA2B3D56B0006F2135 /* Build configuration list for PBXNativeTarget "dayTodoUITests" */ = {
			isa = XCConfigurationList;
			buildConfigurations = (
				A8CC93DB2B3D56B0006F2135 /* Debug */,
				A8CC93DC2B3D56B0006F2135 /* Release */,
			);
			defaultConfigurationIsVisible = 0;
			defaultConfigurationName = Release;
		};
/* End XCConfigurationList section */

/* Begin XCRemoteSwiftPackageReference section */
		A89C6E402B3DCCA500A68E77 /* XCRemoteSwiftPackageReference "FSCalendar" */ = {
			isa = XCRemoteSwiftPackageReference;
			repositoryURL = "https://github.com/WenchaoD/FSCalendar.git";
			requirement = {
				kind = upToNextMajorVersion;
				minimumVersion = 2.8.4;
			};
		};
/* End XCRemoteSwiftPackageReference section */

/* Begin XCSwiftPackageProductDependency section */
		A89C6E412B3DCCA500A68E77 /* FSCalendar */ = {
			isa = XCSwiftPackageProductDependency;
			package = A89C6E402B3DCCA500A68E77 /* XCRemoteSwiftPackageReference "FSCalendar" */;
			productName = FSCalendar;
		};
/* End XCSwiftPackageProductDependency section */
	};
	rootObject = A8CC93A72B3D56AF006F2135 /* Project object */;
}
